// !$*UTF8*$!
{
	archiveVersion = 1;
	classes = {
	};
	objectVersion = 56;
	objects = {

/* Begin PBXBuildFile section */
		A7C4401E2BF49ACB009808DF /* AppDelegate.swift in Sources */ = {isa = PBXBuildFile; fileRef = A7C4401D2BF49ACB009808DF /* AppDelegate.swift */; };
		A7C440202BF49ACB009808DF /* SceneDelegate.swift in Sources */ = {isa = PBXBuildFile; fileRef = A7C4401F2BF49ACB009808DF /* SceneDelegate.swift */; };
		A7C440272BF49AD1009808DF /* Assets.xcassets in Resources */ = {isa = PBXBuildFile; fileRef = A7C440262BF49AD1009808DF /* Assets.xcassets */; };
		A7C440332BF49B4E009808DF /* SkeletonView in Frameworks */ = {isa = PBXBuildFile; productRef = A7C440322BF49B4E009808DF /* SkeletonView */; };
		A7C440362BF49BFB009808DF /* Lottie in Frameworks */ = {isa = PBXBuildFile; productRef = A7C440352BF49BFB009808DF /* Lottie */; };
		A7C4403A2BF49CB2009808DF /* HomeViewController.swift in Sources */ = {isa = PBXBuildFile; fileRef = A7C440382BF49CB2009808DF /* HomeViewController.swift */; };
		A7C4403B2BF49CB2009808DF /* HomeViewController.xib in Resources */ = {isa = PBXBuildFile; fileRef = A7C440392BF49CB2009808DF /* HomeViewController.xib */; };
		A7C4403E2BF49FCB009808DF /* Kingfisher in Frameworks */ = {isa = PBXBuildFile; productRef = A7C4403D2BF49FCB009808DF /* Kingfisher */; };
		A7C440412BF4A035009808DF /* Alamofire in Frameworks */ = {isa = PBXBuildFile; productRef = A7C440402BF4A035009808DF /* Alamofire */; };
		A7C440432BF4A035009808DF /* AlamofireDynamic in Frameworks */ = {isa = PBXBuildFile; productRef = A7C440422BF4A035009808DF /* AlamofireDynamic */; };
		A7C440462BF4A0F2009808DF /* JGProgressHUD in Frameworks */ = {isa = PBXBuildFile; productRef = A7C440452BF4A0F2009808DF /* JGProgressHUD */; };
		A7C440492BF4A57B009808DF /* IQKeyboardManagerSwift in Frameworks */ = {isa = PBXBuildFile; productRef = A7C440482BF4A57B009808DF /* IQKeyboardManagerSwift */; };
		A7C4404C2BF4C4D3009808DF /* RswiftLibrary in Frameworks */ = {isa = PBXBuildFile; productRef = A7C4404B2BF4C4D3009808DF /* RswiftLibrary */; };
		A7C4404E2BF4C4D3009808DF /* rswift in Frameworks */ = {isa = PBXBuildFile; productRef = A7C4404D2BF4C4D3009808DF /* rswift */; };
		A7E4F3772BF8FFA400CBC872 /* Constants.swift in Sources */ = {isa = PBXBuildFile; fileRef = A7E4F3762BF8FFA400CBC872 /* Constants.swift */; };
/* End PBXBuildFile section */

/* Begin PBXFileReference section */
		A7C4401A2BF49ACB009808DF /* Jobiafy.app */ = {isa = PBXFileReference; explicitFileType = wrapper.application; includeInIndex = 0; path = Jobiafy.app; sourceTree = BUILT_PRODUCTS_DIR; };
		A7C4401D2BF49ACB009808DF /* AppDelegate.swift */ = {isa = PBXFileReference; lastKnownFileType = sourcecode.swift; path = AppDelegate.swift; sourceTree = "<group>"; };
		A7C4401F2BF49ACB009808DF /* SceneDelegate.swift */ = {isa = PBXFileReference; lastKnownFileType = sourcecode.swift; path = SceneDelegate.swift; sourceTree = "<group>"; };
		A7C440262BF49AD1009808DF /* Assets.xcassets */ = {isa = PBXFileReference; lastKnownFileType = folder.assetcatalog; path = Assets.xcassets; sourceTree = "<group>"; };
		A7C4402B2BF49AD1009808DF /* Info.plist */ = {isa = PBXFileReference; lastKnownFileType = text.plist.xml; path = Info.plist; sourceTree = "<group>"; };
		A7C440382BF49CB2009808DF /* HomeViewController.swift */ = {isa = PBXFileReference; lastKnownFileType = sourcecode.swift; path = HomeViewController.swift; sourceTree = "<group>"; };
		A7C440392BF49CB2009808DF /* HomeViewController.xib */ = {isa = PBXFileReference; lastKnownFileType = file.xib; path = HomeViewController.xib; sourceTree = "<group>"; };
		A7E4F3762BF8FFA400CBC872 /* Constants.swift */ = {isa = PBXFileReference; lastKnownFileType = sourcecode.swift; path = Constants.swift; sourceTree = "<group>"; };
/* End PBXFileReference section */

/* Begin PBXFrameworksBuildPhase section */
		A7C440172BF49ACB009808DF /* Frameworks */ = {
			isa = PBXFrameworksBuildPhase;
			buildActionMask = 2147483647;
			files = (
				A7C440492BF4A57B009808DF /* IQKeyboardManagerSwift in Frameworks */,
				A7C4404C2BF4C4D3009808DF /* RswiftLibrary in Frameworks */,
				A7C4403E2BF49FCB009808DF /* Kingfisher in Frameworks */,
				A7C440412BF4A035009808DF /* Alamofire in Frameworks */,
				A7C440432BF4A035009808DF /* AlamofireDynamic in Frameworks */,
				A7C440332BF49B4E009808DF /* SkeletonView in Frameworks */,
				A7C440462BF4A0F2009808DF /* JGProgressHUD in Frameworks */,
				A7C440362BF49BFB009808DF /* Lottie in Frameworks */,
				A7C4404E2BF4C4D3009808DF /* rswift in Frameworks */,
			);
			runOnlyForDeploymentPostprocessing = 0;
		};
/* End PBXFrameworksBuildPhase section */

/* Begin PBXGroup section */
		A7C440112BF49ACA009808DF = {
			isa = PBXGroup;
			children = (
				A7C4401C2BF49ACB009808DF /* Jobiafy */,
				A7C4401B2BF49ACB009808DF /* Products */,
			);
			sourceTree = "<group>";
		};
		A7C4401B2BF49ACB009808DF /* Products */ = {
			isa = PBXGroup;
			children = (
				A7C4401A2BF49ACB009808DF /* Jobiafy.app */,
			);
			name = Products;
			sourceTree = "<group>";
		};
		A7C4401C2BF49ACB009808DF /* Jobiafy */ = {
			isa = PBXGroup;
			children = (
				A7E4F3672BF8FA7900CBC872 /* Application */,
				A7E4F36F2BF8FE3500CBC872 /* Resources */,
				A7E4F3702BF8FE5400CBC872 /* Utility */,
				A7E4F3682BF8FB7100CBC872 /* Domain */,
				A7C440372BF49C7E009808DF /* Presentation */,
				A7E4F3712BF8FF0100CBC872 /* Data */,
				A7C4402B2BF49AD1009808DF /* Info.plist */,
			);
			path = Jobiafy;
			sourceTree = "<group>";
		};
		A7C440372BF49C7E009808DF /* Presentation */ = {
			isa = PBXGroup;
			children = (
				A7E4F36C2BF8FBA700CBC872 /* HomeScreen */,
			);
			path = Presentation;
			sourceTree = "<group>";
		};
		A7E4F3672BF8FA7900CBC872 /* Application */ = {
			isa = PBXGroup;
			children = (
				A7C4401D2BF49ACB009808DF /* AppDelegate.swift */,
				A7C4401F2BF49ACB009808DF /* SceneDelegate.swift */,
			);
			path = Application;
			sourceTree = "<group>";
		};
		A7E4F3682BF8FB7100CBC872 /* Domain */ = {
			isa = PBXGroup;
			children = (
				A7E4F36B2BF8FB9800CBC872 /* Entities */,
				A7E4F36A2BF8FB8B00CBC872 /* UseCases */,
				A7E4F3692BF8FB8100CBC872 /* Repositories */,
			);
			path = Domain;
			sourceTree = "<group>";
		};
		A7E4F3692BF8FB8100CBC872 /* Repositories */ = {
			isa = PBXGroup;
			children = (
			);
			path = Repositories;
			sourceTree = "<group>";
		};
		A7E4F36A2BF8FB8B00CBC872 /* UseCases */ = {
			isa = PBXGroup;
			children = (
			);
			path = UseCases;
			sourceTree = "<group>";
		};
		A7E4F36B2BF8FB9800CBC872 /* Entities */ = {
			isa = PBXGroup;
			children = (
			);
			path = Entities;
			sourceTree = "<group>";
		};
		A7E4F36C2BF8FBA700CBC872 /* HomeScreen */ = {
			isa = PBXGroup;
			children = (
				A7E4F36D2BF8FBC300CBC872 /* View */,
			);
			path = HomeScreen;
			sourceTree = "<group>";
		};
		A7E4F36D2BF8FBC300CBC872 /* View */ = {
			isa = PBXGroup;
			children = (
				A7C440382BF49CB2009808DF /* HomeViewController.swift */,
				A7C440392BF49CB2009808DF /* HomeViewController.xib */,
			);
			path = View;
			sourceTree = "<group>";
		};
		A7E4F36F2BF8FE3500CBC872 /* Resources */ = {
			isa = PBXGroup;
			children = (
				A7C440262BF49AD1009808DF /* Assets.xcassets */,
			);
			path = Resources;
			sourceTree = "<group>";
		};
		A7E4F3702BF8FE5400CBC872 /* Utility */ = {
			isa = PBXGroup;
			children = (
				A7E4F37A2BF900B700CBC872 /* Helper */,
				A7E4F3742BF8FF7A00CBC872 /* Extensions */,
				A7E4F3762BF8FFA400CBC872 /* Constants.swift */,
			);
			path = Utility;
			sourceTree = "<group>";
		};
		A7E4F3712BF8FF0100CBC872 /* Data */ = {
			isa = PBXGroup;
			children = (
				A7E4F3722BF8FF3A00CBC872 /* Network */,
				A7E4F3732BF8FF4500CBC872 /* Persistence */,
			);
			path = Data;
			sourceTree = "<group>";
		};
		A7E4F3722BF8FF3A00CBC872 /* Network */ = {
			isa = PBXGroup;
			children = (
				A7E4F3782BF8FFDB00CBC872 /* API */,
				A7E4F3792BF8FFE600CBC872 /* NetworkModels */,
			);
			path = Network;
			sourceTree = "<group>";
		};
		A7E4F3732BF8FF4500CBC872 /* Persistence */ = {
			isa = PBXGroup;
			children = (
			);
			path = Persistence;
			sourceTree = "<group>";
		};
		A7E4F3742BF8FF7A00CBC872 /* Extensions */ = {
			isa = PBXGroup;
			children = (
			);
			path = Extensions;
			sourceTree = "<group>";
		};
		A7E4F3782BF8FFDB00CBC872 /* API */ = {
			isa = PBXGroup;
			children = (
			);
			path = API;
			sourceTree = "<group>";
		};
		A7E4F3792BF8FFE600CBC872 /* NetworkModels */ = {
			isa = PBXGroup;
			children = (
			);
			path = NetworkModels;
			sourceTree = "<group>";
		};
		A7E4F37A2BF900B700CBC872 /* Helper */ = {
			isa = PBXGroup;
			children = (
			);
			path = Helper;
			sourceTree = "<group>";
		};
/* End PBXGroup section */

/* Begin PBXNativeTarget section */
		A7C440192BF49ACB009808DF /* Jobiafy */ = {
			isa = PBXNativeTarget;
			buildConfigurationList = A7C4402E2BF49AD1009808DF /* Build configuration list for PBXNativeTarget "Jobiafy" */;
			buildPhases = (
				A7C4404F2BF4D9C8009808DF /* SwiftLint */,
				A7C440162BF49ACB009808DF /* Sources */,
				A7C440172BF49ACB009808DF /* Frameworks */,
				A7C440182BF49ACB009808DF /* Resources */,
			);
			buildRules = (
			);
			dependencies = (
			);
			name = Jobiafy;
			packageProductDependencies = (
				A7C440322BF49B4E009808DF /* SkeletonView */,
				A7C440352BF49BFB009808DF /* Lottie */,
				A7C4403D2BF49FCB009808DF /* Kingfisher */,
				A7C440402BF4A035009808DF /* Alamofire */,
				A7C440422BF4A035009808DF /* AlamofireDynamic */,
				A7C440452BF4A0F2009808DF /* JGProgressHUD */,
				A7C440482BF4A57B009808DF /* IQKeyboardManagerSwift */,
				A7C4404B2BF4C4D3009808DF /* RswiftLibrary */,
				A7C4404D2BF4C4D3009808DF /* rswift */,
			);
			productName = Jobiafy;
			productReference = A7C4401A2BF49ACB009808DF /* Jobiafy.app */;
			productType = "com.apple.product-type.application";
		};
/* End PBXNativeTarget section */

/* Begin PBXProject section */
		A7C440122BF49ACA009808DF /* Project object */ = {
			isa = PBXProject;
			attributes = {
				BuildIndependentTargetsInParallel = 1;
				LastSwiftUpdateCheck = 1520;
				LastUpgradeCheck = 1520;
				TargetAttributes = {
					A7C440192BF49ACB009808DF = {
						CreatedOnToolsVersion = 15.2;
					};
				};
			};
			buildConfigurationList = A7C440152BF49ACA009808DF /* Build configuration list for PBXProject "Jobiafy" */;
			compatibilityVersion = "Xcode 14.0";
			developmentRegion = en;
			hasScannedForEncodings = 0;
			knownRegions = (
				en,
				Base,
			);
			mainGroup = A7C440112BF49ACA009808DF;
			packageReferences = (
				A7C440312BF49B4D009808DF /* XCRemoteSwiftPackageReference "SkeletonView" */,
				A7C440342BF49BFB009808DF /* XCRemoteSwiftPackageReference "lottie-spm" */,
				A7C4403C2BF49FCB009808DF /* XCRemoteSwiftPackageReference "Kingfisher" */,
				A7C4403F2BF4A035009808DF /* XCRemoteSwiftPackageReference "Alamofire" */,
				A7C440442BF4A0F2009808DF /* XCRemoteSwiftPackageReference "JGProgressHUD" */,
				A7C440472BF4A57B009808DF /* XCRemoteSwiftPackageReference "IQKeyboardManager" */,
				A7C4404A2BF4C4D3009808DF /* XCRemoteSwiftPackageReference "R.swift" */,
			);
			productRefGroup = A7C4401B2BF49ACB009808DF /* Products */;
			projectDirPath = "";
			projectRoot = "";
			targets = (
				A7C440192BF49ACB009808DF /* Jobiafy */,
			);
		};
/* End PBXProject section */

/* Begin PBXResourcesBuildPhase section */
		A7C440182BF49ACB009808DF /* Resources */ = {
			isa = PBXResourcesBuildPhase;
			buildActionMask = 2147483647;
			files = (
				A7C440272BF49AD1009808DF /* Assets.xcassets in Resources */,
				A7C4403B2BF49CB2009808DF /* HomeViewController.xib in Resources */,
			);
			runOnlyForDeploymentPostprocessing = 0;
		};
/* End PBXResourcesBuildPhase section */

/* Begin PBXShellScriptBuildPhase section */
		A7C4404F2BF4D9C8009808DF /* SwiftLint */ = {
			isa = PBXShellScriptBuildPhase;
			alwaysOutOfDate = 1;
			buildActionMask = 12;
			files = (
			);
			inputFileListPaths = (
			);
			inputPaths = (
			);
			name = SwiftLint;
			outputFileListPaths = (
			);
			outputPaths = (
			);
			runOnlyForDeploymentPostprocessing = 0;
			shellPath = /bin/sh;
			shellScript = "if which swiftlint > /dev/null; then\n  swiftlint --config \"/Users/mesho/Desktop/iOS Projects/Jobiafy/swiftlint.yml\"\nelse\n  echo \"warning: SwiftLint not installed, download from https://github.com/realm/SwiftLint\"\nfi\n";
		};
/* End PBXShellScriptBuildPhase section */

/* Begin PBXSourcesBuildPhase section */
		A7C440162BF49ACB009808DF /* Sources */ = {
			isa = PBXSourcesBuildPhase;
			buildActionMask = 2147483647;
			files = (
				A7C4401E2BF49ACB009808DF /* AppDelegate.swift in Sources */,
				A7C440202BF49ACB009808DF /* SceneDelegate.swift in Sources */,
				A7E4F3772BF8FFA400CBC872 /* Constants.swift in Sources */,
				A7C4403A2BF49CB2009808DF /* HomeViewController.swift in Sources */,
			);
			runOnlyForDeploymentPostprocessing = 0;
		};
/* End PBXSourcesBuildPhase section */

/* Begin XCBuildConfiguration section */
		A7C4402C2BF49AD1009808DF /* Debug */ = {
			isa = XCBuildConfiguration;
			buildSettings = {
				ALWAYS_SEARCH_USER_PATHS = NO;
				ASSETCATALOG_COMPILER_GENERATE_SWIFT_ASSET_SYMBOL_EXTENSIONS = YES;
				CLANG_ANALYZER_NONNULL = YES;
				CLANG_ANALYZER_NUMBER_OBJECT_CONVERSION = YES_AGGRESSIVE;
				CLANG_CXX_LANGUAGE_STANDARD = "gnu++20";
				CLANG_ENABLE_MODULES = YES;
				CLANG_ENABLE_OBJC_ARC = YES;
				CLANG_ENABLE_OBJC_WEAK = YES;
				CLANG_WARN_BLOCK_CAPTURE_AUTORELEASING = YES;
				CLANG_WARN_BOOL_CONVERSION = YES;
				CLANG_WARN_COMMA = YES;
				CLANG_WARN_CONSTANT_CONVERSION = YES;
				CLANG_WARN_DEPRECATED_OBJC_IMPLEMENTATIONS = YES;
				CLANG_WARN_DIRECT_OBJC_ISA_USAGE = YES_ERROR;
				CLANG_WARN_DOCUMENTATION_COMMENTS = YES;
				CLANG_WARN_EMPTY_BODY = YES;
				CLANG_WARN_ENUM_CONVERSION = YES;
				CLANG_WARN_INFINITE_RECURSION = YES;
				CLANG_WARN_INT_CONVERSION = YES;
				CLANG_WARN_NON_LITERAL_NULL_CONVERSION = YES;
				CLANG_WARN_OBJC_IMPLICIT_RETAIN_SELF = YES;
				CLANG_WARN_OBJC_LITERAL_CONVERSION = YES;
				CLANG_WARN_OBJC_ROOT_CLASS = YES_ERROR;
				CLANG_WARN_QUOTED_INCLUDE_IN_FRAMEWORK_HEADER = YES;
				CLANG_WARN_RANGE_LOOP_ANALYSIS = YES;
				CLANG_WARN_STRICT_PROTOTYPES = YES;
				CLANG_WARN_SUSPICIOUS_MOVE = YES;
				CLANG_WARN_UNGUARDED_AVAILABILITY = YES_AGGRESSIVE;
				CLANG_WARN_UNREACHABLE_CODE = YES;
				CLANG_WARN__DUPLICATE_METHOD_MATCH = YES;
				COPY_PHASE_STRIP = NO;
				DEBUG_INFORMATION_FORMAT = dwarf;
				ENABLE_STRICT_OBJC_MSGSEND = YES;
				ENABLE_TESTABILITY = YES;
				ENABLE_USER_SCRIPT_SANDBOXING = YES;
				GCC_C_LANGUAGE_STANDARD = gnu17;
				GCC_DYNAMIC_NO_PIC = NO;
				GCC_NO_COMMON_BLOCKS = YES;
				GCC_OPTIMIZATION_LEVEL = 0;
				GCC_PREPROCESSOR_DEFINITIONS = (
					"DEBUG=1",
					"$(inherited)",
				);
				GCC_WARN_64_TO_32_BIT_CONVERSION = YES;
				GCC_WARN_ABOUT_RETURN_TYPE = YES_ERROR;
				GCC_WARN_UNDECLARED_SELECTOR = YES;
				GCC_WARN_UNINITIALIZED_AUTOS = YES_AGGRESSIVE;
				GCC_WARN_UNUSED_FUNCTION = YES;
				GCC_WARN_UNUSED_VARIABLE = YES;
				IPHONEOS_DEPLOYMENT_TARGET = 17.2;
				LOCALIZATION_PREFERS_STRING_CATALOGS = YES;
				MTL_ENABLE_DEBUG_INFO = INCLUDE_SOURCE;
				MTL_FAST_MATH = YES;
				ONLY_ACTIVE_ARCH = YES;
				SDKROOT = iphoneos;
				SWIFT_ACTIVE_COMPILATION_CONDITIONS = "DEBUG $(inherited)";
				SWIFT_OPTIMIZATION_LEVEL = "-Onone";
			};
			name = Debug;
		};
		A7C4402D2BF49AD1009808DF /* Release */ = {
			isa = XCBuildConfiguration;
			buildSettings = {
				ALWAYS_SEARCH_USER_PATHS = NO;
				ASSETCATALOG_COMPILER_GENERATE_SWIFT_ASSET_SYMBOL_EXTENSIONS = YES;
				CLANG_ANALYZER_NONNULL = YES;
				CLANG_ANALYZER_NUMBER_OBJECT_CONVERSION = YES_AGGRESSIVE;
				CLANG_CXX_LANGUAGE_STANDARD = "gnu++20";
				CLANG_ENABLE_MODULES = YES;
				CLANG_ENABLE_OBJC_ARC = YES;
				CLANG_ENABLE_OBJC_WEAK = YES;
				CLANG_WARN_BLOCK_CAPTURE_AUTORELEASING = YES;
				CLANG_WARN_BOOL_CONVERSION = YES;
				CLANG_WARN_COMMA = YES;
				CLANG_WARN_CONSTANT_CONVERSION = YES;
				CLANG_WARN_DEPRECATED_OBJC_IMPLEMENTATIONS = YES;
				CLANG_WARN_DIRECT_OBJC_ISA_USAGE = YES_ERROR;
				CLANG_WARN_DOCUMENTATION_COMMENTS = YES;
				CLANG_WARN_EMPTY_BODY = YES;
				CLANG_WARN_ENUM_CONVERSION = YES;
				CLANG_WARN_INFINITE_RECURSION = YES;
				CLANG_WARN_INT_CONVERSION = YES;
				CLANG_WARN_NON_LITERAL_NULL_CONVERSION = YES;
				CLANG_WARN_OBJC_IMPLICIT_RETAIN_SELF = YES;
				CLANG_WARN_OBJC_LITERAL_CONVERSION = YES;
				CLANG_WARN_OBJC_ROOT_CLASS = YES_ERROR;
				CLANG_WARN_QUOTED_INCLUDE_IN_FRAMEWORK_HEADER = YES;
				CLANG_WARN_RANGE_LOOP_ANALYSIS = YES;
				CLANG_WARN_STRICT_PROTOTYPES = YES;
				CLANG_WARN_SUSPICIOUS_MOVE = YES;
				CLANG_WARN_UNGUARDED_AVAILABILITY = YES_AGGRESSIVE;
				CLANG_WARN_UNREACHABLE_CODE = YES;
				CLANG_WARN__DUPLICATE_METHOD_MATCH = YES;
				COPY_PHASE_STRIP = NO;
				DEBUG_INFORMATION_FORMAT = "dwarf-with-dsym";
				ENABLE_NS_ASSERTIONS = NO;
				ENABLE_STRICT_OBJC_MSGSEND = YES;
				ENABLE_USER_SCRIPT_SANDBOXING = YES;
				GCC_C_LANGUAGE_STANDARD = gnu17;
				GCC_NO_COMMON_BLOCKS = YES;
				GCC_WARN_64_TO_32_BIT_CONVERSION = YES;
				GCC_WARN_ABOUT_RETURN_TYPE = YES_ERROR;
				GCC_WARN_UNDECLARED_SELECTOR = YES;
				GCC_WARN_UNINITIALIZED_AUTOS = YES_AGGRESSIVE;
				GCC_WARN_UNUSED_FUNCTION = YES;
				GCC_WARN_UNUSED_VARIABLE = YES;
				IPHONEOS_DEPLOYMENT_TARGET = 17.2;
				LOCALIZATION_PREFERS_STRING_CATALOGS = YES;
				MTL_ENABLE_DEBUG_INFO = NO;
				MTL_FAST_MATH = YES;
				SDKROOT = iphoneos;
				SWIFT_COMPILATION_MODE = wholemodule;
				VALIDATE_PRODUCT = YES;
			};
			name = Release;
		};
		A7C4402F2BF49AD1009808DF /* Debug */ = {
			isa = XCBuildConfiguration;
			buildSettings = {
				ASSETCATALOG_COMPILER_APPICON_NAME = AppIcon;
				ASSETCATALOG_COMPILER_GLOBAL_ACCENT_COLOR_NAME = AccentColor;
				CODE_SIGN_STYLE = Automatic;
				CURRENT_PROJECT_VERSION = 1;
				DEVELOPMENT_TEAM = ZF5RK26287;
				ENABLE_USER_SCRIPT_SANDBOXING = NO;
				FUSE_BUILD_SCRIPT_PHASES = NO;
				GENERATE_INFOPLIST_FILE = YES;
				INFOPLIST_FILE = Jobiafy/Info.plist;
				INFOPLIST_KEY_UIApplicationSupportsIndirectInputEvents = YES;
				INFOPLIST_KEY_UILaunchStoryboardName = "";
				INFOPLIST_KEY_UISupportedInterfaceOrientations_iPad = "UIInterfaceOrientationPortrait UIInterfaceOrientationPortraitUpsideDown UIInterfaceOrientationLandscapeLeft UIInterfaceOrientationLandscapeRight";
				INFOPLIST_KEY_UISupportedInterfaceOrientations_iPhone = "UIInterfaceOrientationPortrait UIInterfaceOrientationLandscapeLeft UIInterfaceOrientationLandscapeRight";
				IPHONEOS_DEPLOYMENT_TARGET = 17.0;
				LD_RUNPATH_SEARCH_PATHS = (
					"$(inherited)",
					"@executable_path/Frameworks",
				);
				MARKETING_VERSION = 1.0;
				PRODUCT_BUNDLE_IDENTIFIER = iTi.Jobiafy;
				PRODUCT_NAME = "$(TARGET_NAME)";
				SWIFT_EMIT_LOC_STRINGS = YES;
				SWIFT_VERSION = 5.0;
				TARGETED_DEVICE_FAMILY = "1,2";
			};
			name = Debug;
		};
		A7C440302BF49AD1009808DF /* Release */ = {
			isa = XCBuildConfiguration;
			buildSettings = {
				ASSETCATALOG_COMPILER_APPICON_NAME = AppIcon;
				ASSETCATALOG_COMPILER_GLOBAL_ACCENT_COLOR_NAME = AccentColor;
				CODE_SIGN_STYLE = Automatic;
				CURRENT_PROJECT_VERSION = 1;
				DEVELOPMENT_TEAM = ZF5RK26287;
				ENABLE_USER_SCRIPT_SANDBOXING = NO;
				FUSE_BUILD_SCRIPT_PHASES = NO;
				GENERATE_INFOPLIST_FILE = YES;
				INFOPLIST_FILE = Jobiafy/Info.plist;
				INFOPLIST_KEY_UIApplicationSupportsIndirectInputEvents = YES;
				INFOPLIST_KEY_UILaunchStoryboardName = "";
				INFOPLIST_KEY_UISupportedInterfaceOrientations_iPad = "UIInterfaceOrientationPortrait UIInterfaceOrientationPortraitUpsideDown UIInterfaceOrientationLandscapeLeft UIInterfaceOrientationLandscapeRight";
				INFOPLIST_KEY_UISupportedInterfaceOrientations_iPhone = "UIInterfaceOrientationPortrait UIInterfaceOrientationLandscapeLeft UIInterfaceOrientationLandscapeRight";
				IPHONEOS_DEPLOYMENT_TARGET = 17.0;
				LD_RUNPATH_SEARCH_PATHS = (
					"$(inherited)",
					"@executable_path/Frameworks",
				);
				MARKETING_VERSION = 1.0;
				PRODUCT_BUNDLE_IDENTIFIER = iTi.Jobiafy;
				PRODUCT_NAME = "$(TARGET_NAME)";
				SWIFT_EMIT_LOC_STRINGS = YES;
				SWIFT_VERSION = 5.0;
				TARGETED_DEVICE_FAMILY = "1,2";
			};
			name = Release;
		};
/* End XCBuildConfiguration section */

/* Begin XCConfigurationList section */
		A7C440152BF49ACA009808DF /* Build configuration list for PBXProject "Jobiafy" */ = {
			isa = XCConfigurationList;
			buildConfigurations = (
				A7C4402C2BF49AD1009808DF /* Debug */,
				A7C4402D2BF49AD1009808DF /* Release */,
			);
			defaultConfigurationIsVisible = 0;
			defaultConfigurationName = Release;
		};
		A7C4402E2BF49AD1009808DF /* Build configuration list for PBXNativeTarget "Jobiafy" */ = {
			isa = XCConfigurationList;
			buildConfigurations = (
				A7C4402F2BF49AD1009808DF /* Debug */,
				A7C440302BF49AD1009808DF /* Release */,
			);
			defaultConfigurationIsVisible = 0;
			defaultConfigurationName = Release;
		};
/* End XCConfigurationList section */

/* Begin XCRemoteSwiftPackageReference section */
		A7C440312BF49B4D009808DF /* XCRemoteSwiftPackageReference "SkeletonView" */ = {
			isa = XCRemoteSwiftPackageReference;
			repositoryURL = "https://github.com/Juanpe/SkeletonView.git";
			requirement = {
				kind = upToNextMajorVersion;
				minimumVersion = 1.31.0;
			};
		};
		A7C440342BF49BFB009808DF /* XCRemoteSwiftPackageReference "lottie-spm" */ = {
			isa = XCRemoteSwiftPackageReference;
			repositoryURL = "https://github.com/airbnb/lottie-spm.git";
			requirement = {
				kind = upToNextMajorVersion;
				minimumVersion = 4.4.3;
			};
		};
		A7C4403C2BF49FCB009808DF /* XCRemoteSwiftPackageReference "Kingfisher" */ = {
			isa = XCRemoteSwiftPackageReference;
			repositoryURL = "https://github.com/onevcat/Kingfisher.git";
			requirement = {
				kind = upToNextMajorVersion;
				minimumVersion = 7.11.0;
			};
		};
		A7C4403F2BF4A035009808DF /* XCRemoteSwiftPackageReference "Alamofire" */ = {
			isa = XCRemoteSwiftPackageReference;
			repositoryURL = "https://github.com/Alamofire/Alamofire.git";
			requirement = {
				kind = upToNextMajorVersion;
				minimumVersion = 5.9.1;
			};
		};
		A7C440442BF4A0F2009808DF /* XCRemoteSwiftPackageReference "JGProgressHUD" */ = {
			isa = XCRemoteSwiftPackageReference;
			repositoryURL = "https://github.com/JonasGessner/JGProgressHUD.git";
			requirement = {
				kind = upToNextMajorVersion;
				minimumVersion = 2.2.0;
			};
		};
		A7C440472BF4A57B009808DF /* XCRemoteSwiftPackageReference "IQKeyboardManager" */ = {
			isa = XCRemoteSwiftPackageReference;
			repositoryURL = "https://github.com/hackiftekhar/IQKeyboardManager.git";
			requirement = {
				kind = upToNextMajorVersion;
				minimumVersion = 7.0.3;
			};
		};
		A7C4404A2BF4C4D3009808DF /* XCRemoteSwiftPackageReference "R.swift" */ = {
			isa = XCRemoteSwiftPackageReference;
			repositoryURL = "https://github.com/mac-cain13/R.swift.git";
			requirement = {
				kind = upToNextMajorVersion;
				minimumVersion = 7.5.0;
			};
		};
/* End XCRemoteSwiftPackageReference section */

/* Begin XCSwiftPackageProductDependency section */
		A7C440322BF49B4E009808DF /* SkeletonView */ = {
			isa = XCSwiftPackageProductDependency;
			package = A7C440312BF49B4D009808DF /* XCRemoteSwiftPackageReference "SkeletonView" */;
			productName = SkeletonView;
		};
		A7C440352BF49BFB009808DF /* Lottie */ = {
			isa = XCSwiftPackageProductDependency;
			package = A7C440342BF49BFB009808DF /* XCRemoteSwiftPackageReference "lottie-spm" */;
			productName = Lottie;
		};
		A7C4403D2BF49FCB009808DF /* Kingfisher */ = {
			isa = XCSwiftPackageProductDependency;
			package = A7C4403C2BF49FCB009808DF /* XCRemoteSwiftPackageReference "Kingfisher" */;
			productName = Kingfisher;
		};
		A7C440402BF4A035009808DF /* Alamofire */ = {
			isa = XCSwiftPackageProductDependency;
			package = A7C4403F2BF4A035009808DF /* XCRemoteSwiftPackageReference "Alamofire" */;
			productName = Alamofire;
		};
		A7C440422BF4A035009808DF /* AlamofireDynamic */ = {
			isa = XCSwiftPackageProductDependency;
			package = A7C4403F2BF4A035009808DF /* XCRemoteSwiftPackageReference "Alamofire" */;
			productName = AlamofireDynamic;
		};
		A7C440452BF4A0F2009808DF /* JGProgressHUD */ = {
			isa = XCSwiftPackageProductDependency;
			package = A7C440442BF4A0F2009808DF /* XCRemoteSwiftPackageReference "JGProgressHUD" */;
			productName = JGProgressHUD;
		};
		A7C440482BF4A57B009808DF /* IQKeyboardManagerSwift */ = {
			isa = XCSwiftPackageProductDependency;
			package = A7C440472BF4A57B009808DF /* XCRemoteSwiftPackageReference "IQKeyboardManager" */;
			productName = IQKeyboardManagerSwift;
		};
		A7C4404B2BF4C4D3009808DF /* RswiftLibrary */ = {
			isa = XCSwiftPackageProductDependency;
			package = A7C4404A2BF4C4D3009808DF /* XCRemoteSwiftPackageReference "R.swift" */;
			productName = RswiftLibrary;
		};
		A7C4404D2BF4C4D3009808DF /* rswift */ = {
			isa = XCSwiftPackageProductDependency;
			package = A7C4404A2BF4C4D3009808DF /* XCRemoteSwiftPackageReference "R.swift" */;
			productName = rswift;
		};
/* End XCSwiftPackageProductDependency section */
	};
	rootObject = A7C440122BF49ACA009808DF /* Project object */;
}
